
Microsoft Visual Studio Solution File, Format Version 12.00
# Visual Studio Version 16
VisualStudioVersion = 16.0.34601.136
MinimumVisualStudioVersion = 10.0.40219.1
Project("{FAE04EC0-301F-11D3-BF4B-00C04F79EFBC}") = "JRN-IDP", "JRN-IDP\JRN-IDP.csproj", "{117E81D6-B2A4-4FDF-A53C-34DF388967AD}"
EndProject
Global
	GlobalSection(SolutionConfigurationPlatforms) = preSolution
		Debug|Any CPU = Debug|Any CPU
		Release|Any CPU = Release|Any CPU
	EndGlobalSection
	GlobalSection(ProjectConfigurationPlatforms) = postSolution
		{117E81D6-B2A4-4FDF-A53C-34DF388967AD}.Debug|Any CPU.ActiveCfg = Debug|Any CPU
		{117E81D6-B2A4-4FDF-A53C-34DF388967AD}.Debug|Any CPU.Build.0 = Debug|Any CPU
		{117E81D6-B2A4-4FDF-A53C-34DF388967AD}.Release|Any CPU.ActiveCfg = Release|Any CPU
		{117E81D6-B2A4-4FDF-A53C-34DF388967AD}.Release|Any CPU.Build.0 = Release|Any CPU
	EndGlobalSection
	GlobalSection(SolutionProperties) = preSolution
		HideSolutionNode = FALSE
	EndGlobalSection
	GlobalSection(ExtensibilityGlobals) = postSolution
		SolutionGuid = {D606FC34-DBC2-4FCC-90DD-C573E1E22686}
	EndGlobalSection
EndGlobal
